dependencies:
- name: argo-cd
  repository: https://argoproj.github.io/argo-helm
  version: 2.17.5
- name: argocd-notifications
  repository: https://argoproj.github.io/argo-helm
  version: 1.0.14
digest: sha256:bc1a586e41c6b0aed15d1fa3fe81078a5f522da93f582287befc553a2cbfa7a2
generated: "2021-03-31T13:00:10.521657978Z"
