dependencies:
- name: argo-cd
  repository: https://argoproj.github.io/argo-helm
  version: 2.11.0
- name: argocd-notifications
  repository: https://argoproj.github.io/argo-helm
  version: 1.0.11
digest: sha256:56d8b732cef599c8f07c9d40eb8bab8b87fc64e506b87837e85b370734a194a6
generated: "2021-01-06T22:03:01.275738+01:00"
